Microsoft Visual Studio Solution File, Format Version 12.00
# Visual Studio Version 16
VisualStudioVersion = 16.0.29009.5
MinimumVisualStudioVersion = 10.0.40219.1
Project("{2150E333-8FDC-42A3-9474-1A3956D46DE8}") = ".paket", ".paket", "{63297B98-5CED-492C-A5B7-A5B4F73CF142}"
	ProjectSection(SolutionItems) = preProject
		Nuget.Config = Nuget.Config
		paket.dependencies = paket.dependencies
		paket.lock = paket.lock
		paket.references = paket.references
	EndProjectSection
EndProject
Project("{2150E333-8FDC-42A3-9474-1A3956D46DE8}") = "project", "project", "{BF60BC93-E09B-4E5F-9D85-95A519479D54}"
	ProjectSection(SolutionItems) = preProject
		.editorconfig = .editorconfig
		.github\ISSUE_TEMPLATE\BUG_REPORT.md = .github\ISSUE_TEMPLATE\BUG_REPORT.md
		.github\ISSUE_TEMPLATE\FEATURE_REQUEST.md = .github\ISSUE_TEMPLATE\FEATURE_REQUEST.md
		.github\PULL_REQUEST_TEMPLATE.md = .github\PULL_REQUEST_TEMPLATE.md
		README.md = README.md
		RELEASE_NOTES.md = RELEASE_NOTES.md
	EndProjectSection
EndProject
Project("{2150E333-8FDC-42A3-9474-1A3956D46DE8}") = "git", "git", "{078A9C52-DDC1-46F4-9235-9E6C89C87AFD}"
	ProjectSection(SolutionItems) = preProject
		.gitattributes = .gitattributes
		.gitignore = .gitignore
	EndProjectSection
EndProject
Project("{2150E333-8FDC-42A3-9474-1A3956D46DE8}") = ".build", ".build", "{7C6D08E7-3EAC-4335-8F4B-252C193C27C9}"
	ProjectSection(SolutionItems) = preProject
		build.cmd = build.cmd
		build.fsx = build.fsx
		build.proj = build.proj
		build.sh = build.sh
	EndProjectSection
EndProject
Project("{2150E333-8FDC-42A3-9474-1A3956D46DE8}") = "tools", "tools", "{55637037-300B-4FA5-8D14-B2CECCCD4B0D}"
EndProject
Project("{6EC3EE1D-3C4E-46DD-8F32-0CC8E7565705}") = "tools", "tools\tools.fsproj", "{E03A3045-EEAB-4616-B0D8-A50A1B75F72B}"
EndProject
Project("{6EC3EE1D-3C4E-46DD-8F32-0CC8E7565705}") = "Feliz.Plotly", "src\Feliz.Plotly\Feliz.Plotly.fsproj", "{CD7DB804-3DF3-4973-97DE-A8B9325948EC}"
EndProject
Project("{6EC3EE1D-3C4E-46DD-8F32-0CC8E7565705}") = "Feliz.Generator.Plotly", "src\Feliz.Generator.Plotly\Feliz.Generator.Plotly.fsproj", "{0E698120-F0AE-476D-858A-0DF55EACC584}"
EndProject
Project("{6EC3EE1D-3C4E-46DD-8F32-0CC8E7565705}") = "App", "docs\App.fsproj", "{0A840E11-9EE5-4088-ADA9-D01DABCBF57B}"
EndProject
Project("{2150E333-8FDC-42A3-9474-1A3956D46DE8}") = "public", "public", "{CABBED80-2F75-4DFE-8F77-7F7FDFDC8008}"
	ProjectSection(SolutionItems) = preProject
		public\github-gist.css = public\github-gist.css
		public\index.html = public\index.html
	EndProjectSection
EndProject
Project("{2150E333-8FDC-42A3-9474-1A3956D46DE8}") = "Plotly", "Plotly", "{C3F9583A-523B-4835-B6BC-CD8FFD2178E3}"
	ProjectSection(SolutionItems) = preProject
		public\Plotly\Installation.md = public\Plotly\Installation.md
	EndProjectSection
EndProject
Project("{2150E333-8FDC-42A3-9474-1A3956D46DE8}") = "web", "web", "{7F29BFE8-02B3-4763-838C-3D8228334B4B}"
	ProjectSection(SolutionItems) = preProject
		.yarnrc = .yarnrc
		package.json = package.json
		publish.js = publish.js
		webpack.config.js = webpack.config.js
	EndProjectSection
EndProject
Project("{2150E333-8FDC-42A3-9474-1A3956D46DE8}") = "Examples", "Examples", "{AB994CC4-9A55-4156-9D53-E08C67F09B25}"
EndProject
Project("{2150E333-8FDC-42A3-9474-1A3956D46DE8}") = "Scatter", "Scatter", "{F1E4DF8B-5D61-4605-A06C-51F24DEAA73D}"
	ProjectSection(SolutionItems) = preProject
		public\Plotly\Examples\Scatter\Basic.md = public\Plotly\Examples\Scatter\Basic.md
	EndProjectSection
EndProject
Global
	GlobalSection(SolutionConfigurationPlatforms) = preSolution
		Debug|Any CPU = Debug|Any CPU
		Release|Any CPU = Release|Any CPU
	EndGlobalSection
	GlobalSection(ProjectConfigurationPlatforms) = postSolution
		{E03A3045-EEAB-4616-B0D8-A50A1B75F72B}.Debug|Any CPU.ActiveCfg = Debug|Any CPU
		{E03A3045-EEAB-4616-B0D8-A50A1B75F72B}.Debug|Any CPU.Build.0 = Debug|Any CPU
		{E03A3045-EEAB-4616-B0D8-A50A1B75F72B}.Release|Any CPU.ActiveCfg = Release|Any CPU
		{E03A3045-EEAB-4616-B0D8-A50A1B75F72B}.Release|Any CPU.Build.0 = Release|Any CPU
		{CD7DB804-3DF3-4973-97DE-A8B9325948EC}.Debug|Any CPU.ActiveCfg = Debug|Any CPU
		{CD7DB804-3DF3-4973-97DE-A8B9325948EC}.Debug|Any CPU.Build.0 = Debug|Any CPU
		{CD7DB804-3DF3-4973-97DE-A8B9325948EC}.Release|Any CPU.ActiveCfg = Release|Any CPU
		{CD7DB804-3DF3-4973-97DE-A8B9325948EC}.Release|Any CPU.Build.0 = Release|Any CPU
		{0E698120-F0AE-476D-858A-0DF55EACC584}.Debug|Any CPU.ActiveCfg = Debug|Any CPU
		{0E698120-F0AE-476D-858A-0DF55EACC584}.Debug|Any CPU.Build.0 = Debug|Any CPU
		{0E698120-F0AE-476D-858A-0DF55EACC584}.Release|Any CPU.ActiveCfg = Release|Any CPU
		{0E698120-F0AE-476D-858A-0DF55EACC584}.Release|Any CPU.Build.0 = Release|Any CPU
		{0A840E11-9EE5-4088-ADA9-D01DABCBF57B}.Debug|Any CPU.ActiveCfg = Debug|Any CPU
		{0A840E11-9EE5-4088-ADA9-D01DABCBF57B}.Debug|Any CPU.Build.0 = Debug|Any CPU
		{0A840E11-9EE5-4088-ADA9-D01DABCBF57B}.Release|Any CPU.ActiveCfg = Release|Any CPU
		{0A840E11-9EE5-4088-ADA9-D01DABCBF57B}.Release|Any CPU.Build.0 = Release|Any CPU
	EndGlobalSection
	GlobalSection(SolutionProperties) = preSolution
		HideSolutionNode = FALSE
	EndGlobalSection
	GlobalSection(NestedProjects) = preSolution
		{E03A3045-EEAB-4616-B0D8-A50A1B75F72B} = {55637037-300B-4FA5-8D14-B2CECCCD4B0D}
		{C3F9583A-523B-4835-B6BC-CD8FFD2178E3} = {CABBED80-2F75-4DFE-8F77-7F7FDFDC8008}
		{AB994CC4-9A55-4156-9D53-E08C67F09B25} = {C3F9583A-523B-4835-B6BC-CD8FFD2178E3}
		{F1E4DF8B-5D61-4605-A06C-51F24DEAA73D} = {AB994CC4-9A55-4156-9D53-E08C67F09B25}
	EndGlobalSection
	GlobalSection(ExtensibilityGlobals) = postSolution
		SolutionGuid = {96DAE6A9-B1CC-4FF7-B08C-D5FBFD55B385}
	EndGlobalSection
EndGlobal
