Microsoft Visual Studio Solution File, Format Version 12.00
# Visual Studio Version 16
VisualStudioVersion = 16.0.29009.5
MinimumVisualStudioVersion = 10.0.40219.1
Project("{2150E333-8FDC-42A3-9474-1A3956D46DE8}") = ".paket", ".paket", "{63297B98-5CED-492C-A5B7-A5B4F73CF142}"
	ProjectSection(SolutionItems) = preProject
		Nuget.Config = Nuget.Config
		paket.dependencies = paket.dependencies
		paket.lock = paket.lock
	EndProjectSection
EndProject
Project("{2150E333-8FDC-42A3-9474-1A3956D46DE8}") = "project", "project", "{BF60BC93-E09B-4E5F-9D85-95A519479D54}"
	ProjectSection(SolutionItems) = preProject
		.editorconfig = .editorconfig
		.github\ISSUE_TEMPLATE\BUG_REPORT.md = .github\ISSUE_TEMPLATE\BUG_REPORT.md
		.github\ISSUE_TEMPLATE\FEATURE_REQUEST.md = .github\ISSUE_TEMPLATE\FEATURE_REQUEST.md
		.github\PULL_REQUEST_TEMPLATE.md = .github\PULL_REQUEST_TEMPLATE.md
		README.md = README.md
		RELEASE_NOTES.md = RELEASE_NOTES.md
	EndProjectSection
EndProject
Project("{2150E333-8FDC-42A3-9474-1A3956D46DE8}") = "git", "git", "{078A9C52-DDC1-46F4-9235-9E6C89C87AFD}"
	ProjectSection(SolutionItems) = preProject
		.gitattributes = .gitattributes
		.gitignore = .gitignore
	EndProjectSection
EndProject
Project("{2150E333-8FDC-42A3-9474-1A3956D46DE8}") = ".build", ".build", "{7C6D08E7-3EAC-4335-8F4B-252C193C27C9}"
	ProjectSection(SolutionItems) = preProject
		build.cmd = build.cmd
		build.fsx = build.fsx
		build.sh = build.sh
	EndProjectSection
EndProject
Project("{2150E333-8FDC-42A3-9474-1A3956D46DE8}") = "tools", "tools", "{55637037-300B-4FA5-8D14-B2CECCCD4B0D}"
EndProject
Project("{6EC3EE1D-3C4E-46DD-8F32-0CC8E7565705}") = "tools", "tools\tools.fsproj", "{E03A3045-EEAB-4616-B0D8-A50A1B75F72B}"
EndProject
Project("{6EC3EE1D-3C4E-46DD-8F32-0CC8E7565705}") = "Feliz.Plotly", "src\Feliz.Plotly\Feliz.Plotly.fsproj", "{CD7DB804-3DF3-4973-97DE-A8B9325948EC}"
EndProject
Project("{6EC3EE1D-3C4E-46DD-8F32-0CC8E7565705}") = "Feliz.Generator.Plotly", "src\Feliz.Generator.Plotly\Feliz.Generator.Plotly.fsproj", "{0E698120-F0AE-476D-858A-0DF55EACC584}"
EndProject
Project("{6EC3EE1D-3C4E-46DD-8F32-0CC8E7565705}") = "App", "docs\App.fsproj", "{0A840E11-9EE5-4088-ADA9-D01DABCBF57B}"
EndProject
Project("{2150E333-8FDC-42A3-9474-1A3956D46DE8}") = "public", "public", "{CABBED80-2F75-4DFE-8F77-7F7FDFDC8008}"
	ProjectSection(SolutionItems) = preProject
		public\github-gist.css = public\github-gist.css
		public\index.html = public\index.html
	EndProjectSection
EndProject
Project("{2150E333-8FDC-42A3-9474-1A3956D46DE8}") = "Plotly", "Plotly", "{C3F9583A-523B-4835-B6BC-CD8FFD2178E3}"
	ProjectSection(SolutionItems) = preProject
		public\Plotly\BundleSize.md = public\Plotly\BundleSize.md
		public\Plotly\Installation.md = public\Plotly\Installation.md
	EndProjectSection
EndProject
Project("{2150E333-8FDC-42A3-9474-1A3956D46DE8}") = "web", "web", "{7F29BFE8-02B3-4763-838C-3D8228334B4B}"
	ProjectSection(SolutionItems) = preProject
		.yarnrc = .yarnrc
		package.json = package.json
		publish.js = publish.js
		splitter.config.js = splitter.config.js
		webpack.config.js = webpack.config.js
	EndProjectSection
EndProject
Project("{2150E333-8FDC-42A3-9474-1A3956D46DE8}") = "Examples", "Examples", "{AB994CC4-9A55-4156-9D53-E08C67F09B25}"
EndProject
Project("{2150E333-8FDC-42A3-9474-1A3956D46DE8}") = "Basic", "Basic", "{A8B7BBE8-88F4-41CA-9FA2-58D7FB0C412F}"
EndProject
Project("{2150E333-8FDC-42A3-9474-1A3956D46DE8}") = "Scatter", "Scatter", "{F1E4DF8B-5D61-4605-A06C-51F24DEAA73D}"
	ProjectSection(SolutionItems) = preProject
		public\Plotly\Examples\Basic\Scatter\Basic.md = public\Plotly\Examples\Basic\Scatter\Basic.md
		public\Plotly\Examples\Basic\Scatter\ColorDimension.md = public\Plotly\Examples\Basic\Scatter\ColorDimension.md
		public\Plotly\Examples\Basic\Scatter\DataLabelsHover.md = public\Plotly\Examples\Basic\Scatter\DataLabelsHover.md
		public\Plotly\Examples\Basic\Scatter\DataLabelsOnPlot.md = public\Plotly\Examples\Basic\Scatter\DataLabelsOnPlot.md
	EndProjectSection
EndProject
Project("{2150E333-8FDC-42A3-9474-1A3956D46DE8}") = "Bubble", "Bubble", "{DA5CD959-6F1C-4139-B59E-EB5637A4925C}"
	ProjectSection(SolutionItems) = preProject
		public\Plotly\Examples\Basic\Bubble\Basic.md = public\Plotly\Examples\Basic\Bubble\Basic.md
		public\Plotly\Examples\Basic\Bubble\HoverText.md = public\Plotly\Examples\Basic\Bubble\HoverText.md
		public\Plotly\Examples\Basic\Bubble\MarkerSizeAndColor.md = public\Plotly\Examples\Basic\Bubble\MarkerSizeAndColor.md
		public\Plotly\Examples\Basic\Bubble\MarkerSizeColorAndSymbolArray.md = public\Plotly\Examples\Basic\Bubble\MarkerSizeColorAndSymbolArray.md
		public\Plotly\Examples\Basic\Bubble\SizeScaling.md = public\Plotly\Examples\Basic\Bubble\SizeScaling.md
	EndProjectSection
EndProject
Project("{2150E333-8FDC-42A3-9474-1A3956D46DE8}") = "Dot", "Dot", "{33BA06BE-6203-4861-AD6A-413977CCD00C}"
	ProjectSection(SolutionItems) = preProject
		public\Plotly\Examples\Basic\Dot\Categorical.md = public\Plotly\Examples\Basic\Dot\Categorical.md
	EndProjectSection
EndProject
Project("{2150E333-8FDC-42A3-9474-1A3956D46DE8}") = "Line", "Line", "{D86FF2C9-9DBC-49B2-A120-BC3307597EB3}"
	ProjectSection(SolutionItems) = preProject
		public\Plotly\Examples\Basic\Line\Basic.md = public\Plotly\Examples\Basic\Line\Basic.md
		public\Plotly\Examples\Basic\Line\ColoredAndStyledScatter.md = public\Plotly\Examples\Basic\Line\ColoredAndStyledScatter.md
		public\Plotly\Examples\Basic\Line\ConnectGapsBetweenData.md = public\Plotly\Examples\Basic\Line\ConnectGapsBetweenData.md
		public\Plotly\Examples\Basic\Line\GraphAndAxesTitles.md = public\Plotly\Examples\Basic\Line\GraphAndAxesTitles.md
		public\Plotly\Examples\Basic\Line\LabellingLinesWithAnnotations.md = public\Plotly\Examples\Basic\Line\LabellingLinesWithAnnotations.md
		public\Plotly\Examples\Basic\Line\LineAndScatterStyling.md = public\Plotly\Examples\Basic\Line\LineAndScatterStyling.md
		public\Plotly\Examples\Basic\Line\LineDash.md = public\Plotly\Examples\Basic\Line\LineDash.md
		public\Plotly\Examples\Basic\Line\LineShapeOptionsInterpolation.md = public\Plotly\Examples\Basic\Line\LineShapeOptionsInterpolation.md
		public\Plotly\Examples\Basic\Line\NamedLineAndScatter.md = public\Plotly\Examples\Basic\Line\NamedLineAndScatter.md
		public\Plotly\Examples\Basic\Line\StylingLinePlot.md = public\Plotly\Examples\Basic\Line\StylingLinePlot.md
	EndProjectSection
EndProject
Project("{2150E333-8FDC-42A3-9474-1A3956D46DE8}") = "Bar", "Bar", "{4EE56625-1A9D-4886-B109-09EE33552ED7}"
	ProjectSection(SolutionItems) = preProject
		public\Plotly\Examples\Basic\Bar\Base.md = public\Plotly\Examples\Basic\Bar\Base.md
		public\Plotly\Examples\Basic\Bar\Basic.md = public\Plotly\Examples\Basic\Bar\Basic.md
		public\Plotly\Examples\Basic\Bar\ColoredAndStyled.md = public\Plotly\Examples\Basic\Bar\ColoredAndStyled.md
		public\Plotly\Examples\Basic\Bar\Colors.md = public\Plotly\Examples\Basic\Bar\Colors.md
		public\Plotly\Examples\Basic\Bar\DirectLabels.md = public\Plotly\Examples\Basic\Bar\DirectLabels.md
		public\Plotly\Examples\Basic\Bar\Grouped.md = public\Plotly\Examples\Basic\Bar\Grouped.md
		public\Plotly\Examples\Basic\Bar\GroupedDirectLabels.md = public\Plotly\Examples\Basic\Bar\GroupedDirectLabels.md
		public\Plotly\Examples\Basic\Bar\HoverText.md = public\Plotly\Examples\Basic\Bar\HoverText.md
		public\Plotly\Examples\Basic\Bar\RelativeBarmode.md = public\Plotly\Examples\Basic\Bar\RelativeBarmode.md
		public\Plotly\Examples\Basic\Bar\RotatedLabels.md = public\Plotly\Examples\Basic\Bar\RotatedLabels.md
		public\Plotly\Examples\Basic\Bar\Stacked.md = public\Plotly\Examples\Basic\Bar\Stacked.md
		public\Plotly\Examples\Basic\Bar\Waterfall.md = public\Plotly\Examples\Basic\Bar\Waterfall.md
		public\Plotly\Examples\Basic\Bar\Widths.md = public\Plotly\Examples\Basic\Bar\Widths.md
	EndProjectSection
EndProject
Project("{2150E333-8FDC-42A3-9474-1A3956D46DE8}") = "FilledArea", "FilledArea", "{9BEF5646-A611-41A5-9A7B-40B48CD1B6F3}"
	ProjectSection(SolutionItems) = preProject
		public\Plotly\Examples\Basic\FilledArea\Basic.md = public\Plotly\Examples\Basic\FilledArea\Basic.md
		public\Plotly\Examples\Basic\FilledArea\NormalizedStackedArea.md = public\Plotly\Examples\Basic\FilledArea\NormalizedStackedArea.md
		public\Plotly\Examples\Basic\FilledArea\OverlaidWithoutBoundary.md = public\Plotly\Examples\Basic\FilledArea\OverlaidWithoutBoundary.md
		public\Plotly\Examples\Basic\FilledArea\SelectHover.md = public\Plotly\Examples\Basic\FilledArea\SelectHover.md
		public\Plotly\Examples\Basic\FilledArea\StackedArea.md = public\Plotly\Examples\Basic\FilledArea\StackedArea.md
	EndProjectSection
EndProject
Project("{2150E333-8FDC-42A3-9474-1A3956D46DE8}") = "HorizontalBar", "HorizontalBar", "{A8D175E9-3D68-4207-A9A6-D2DB03726E08}"
	ProjectSection(SolutionItems) = preProject
		public\Plotly\Examples\Basic\HorizontalBar\BarWithLinePlot.md = public\Plotly\Examples\Basic\HorizontalBar\BarWithLinePlot.md
		public\Plotly\Examples\Basic\HorizontalBar\Basic.md = public\Plotly\Examples\Basic\HorizontalBar\Basic.md
		public\Plotly\Examples\Basic\HorizontalBar\Colored.md = public\Plotly\Examples\Basic\HorizontalBar\Colored.md
	EndProjectSection
EndProject
Project("{2150E333-8FDC-42A3-9474-1A3956D46DE8}") = "Pie", "Pie", "{CFA514B9-EDAD-4E62-AB38-5D23104876CA}"
	ProjectSection(SolutionItems) = preProject
		public\Plotly\Examples\Basic\Pie\Basic.md = public\Plotly\Examples\Basic\Pie\Basic.md
		public\Plotly\Examples\Basic\Pie\Donut.md = public\Plotly\Examples\Basic\Pie\Donut.md
		public\Plotly\Examples\Basic\Pie\Subplots.md = public\Plotly\Examples\Basic\Pie\Subplots.md
	EndProjectSection
EndProject
Project("{2150E333-8FDC-42A3-9474-1A3956D46DE8}") = "Sunburst", "Sunburst", "{5F6EF95A-438D-48B7-B6E9-E068DF79CD90}"
	ProjectSection(SolutionItems) = preProject
		public\Plotly\Examples\Basic\Sunburst\Basic.md = public\Plotly\Examples\Basic\Sunburst\Basic.md
		public\Plotly\Examples\Basic\Sunburst\Branchvalues.md = public\Plotly\Examples\Basic\Sunburst\Branchvalues.md
		public\Plotly\Examples\Basic\Sunburst\LargeNumberSlices.md = public\Plotly\Examples\Basic\Sunburst\LargeNumberSlices.md
		public\Plotly\Examples\Basic\Sunburst\RepeatedLabels.md = public\Plotly\Examples\Basic\Sunburst\RepeatedLabels.md
	EndProjectSection
EndProject
Project("{2150E333-8FDC-42A3-9474-1A3956D46DE8}") = "Sankey", "Sankey", "{A24E1FC2-D414-493B-9CB8-286BE17FB06E}"
	ProjectSection(SolutionItems) = preProject
		public\Plotly\Examples\Basic\Sankey\Basic.md = public\Plotly\Examples\Basic\Sankey\Basic.md
		public\Plotly\Examples\Basic\Sankey\Styled.md = public\Plotly\Examples\Basic\Sankey\Styled.md
	EndProjectSection
EndProject
Project("{2150E333-8FDC-42A3-9474-1A3956D46DE8}") = "PointCloud", "PointCloud", "{DC4EDEEE-BF66-4C65-B64C-6C737EB11B4E}"
	ProjectSection(SolutionItems) = preProject
		public\Plotly\Examples\Basic\PointCloud\Basic.md = public\Plotly\Examples\Basic\PointCloud\Basic.md
		public\Plotly\Examples\Basic\PointCloud\Styled.md = public\Plotly\Examples\Basic\PointCloud\Styled.md
	EndProjectSection
EndProject
Project("{2150E333-8FDC-42A3-9474-1A3956D46DE8}") = "Treemap", "Treemap", "{81B3001F-4146-42F1-BF14-2F4BE9A8EE88}"
	ProjectSection(SolutionItems) = preProject
		public\Plotly\Examples\Basic\Treemap\Basic.md = public\Plotly\Examples\Basic\Treemap\Basic.md
		public\Plotly\Examples\Basic\Treemap\DifferentAttributes.md = public\Plotly\Examples\Basic\Treemap\DifferentAttributes.md
		public\Plotly\Examples\Basic\Treemap\NestedLayers.md = public\Plotly\Examples\Basic\Treemap\NestedLayers.md
		public\Plotly\Examples\Basic\Treemap\SectorColors.md = public\Plotly\Examples\Basic\Treemap\SectorColors.md
	EndProjectSection
EndProject
Project("{2150E333-8FDC-42A3-9474-1A3956D46DE8}") = "Table", "Table", "{52168EAE-6304-400D-A1EA-86F5FAC82D8C}"
	ProjectSection(SolutionItems) = preProject
		public\Plotly\Examples\Basic\Table\AlternatingRowColors.md = public\Plotly\Examples\Basic\Table\AlternatingRowColors.md
		public\Plotly\Examples\Basic\Table\Basic.md = public\Plotly\Examples\Basic\Table\Basic.md
		public\Plotly\Examples\Basic\Table\ChangingSizes.md = public\Plotly\Examples\Basic\Table\ChangingSizes.md
		public\Plotly\Examples\Basic\Table\FromCSV.md = public\Plotly\Examples\Basic\Table\FromCSV.md
		public\Plotly\Examples\Basic\Table\Styled.md = public\Plotly\Examples\Basic\Table\Styled.md
	EndProjectSection
EndProject
Project("{2150E333-8FDC-42A3-9474-1A3956D46DE8}") = "MultipleChartTypes", "MultipleChartTypes", "{67FC7E7D-B739-4640-AA2F-822C9FEFBC47}"
	ProjectSection(SolutionItems) = preProject
		public\Plotly\Examples\Basic\MultipleChartTypes\ContourAndScatter.md = public\Plotly\Examples\Basic\MultipleChartTypes\ContourAndScatter.md
		public\Plotly\Examples\Basic\MultipleChartTypes\LineAndBar.md = public\Plotly\Examples\Basic\MultipleChartTypes\LineAndBar.md
	EndProjectSection
EndProject
Project("{2150E333-8FDC-42A3-9474-1A3956D46DE8}") = "Statistical", "Statistical", "{0D457903-8E32-4932-893E-C26C4918366E}"
EndProject
Project("{2150E333-8FDC-42A3-9474-1A3956D46DE8}") = "ErrorBar", "ErrorBar", "{DB48F7B0-9D46-4B09-8FD1-B065CDF4AAB3}"
	ProjectSection(SolutionItems) = preProject
		public\Plotly\Examples\Statistical\ErrorBar\Asymmetric.md = public\Plotly\Examples\Statistical\ErrorBar\Asymmetric.md
		public\Plotly\Examples\Statistical\ErrorBar\AsymmetricWithOffset.md = public\Plotly\Examples\Statistical\ErrorBar\AsymmetricWithOffset.md
		public\Plotly\Examples\Statistical\ErrorBar\Basic.md = public\Plotly\Examples\Statistical\ErrorBar\Basic.md
		public\Plotly\Examples\Statistical\ErrorBar\Horizontal.md = public\Plotly\Examples\Statistical\ErrorBar\Horizontal.md
		public\Plotly\Examples\Statistical\ErrorBar\PercentageOfYValue.md = public\Plotly\Examples\Statistical\ErrorBar\PercentageOfYValue.md
		public\Plotly\Examples\Statistical\ErrorBar\Styled.md = public\Plotly\Examples\Statistical\ErrorBar\Styled.md
		public\Plotly\Examples\Statistical\ErrorBar\WithBarChart.md = public\Plotly\Examples\Statistical\ErrorBar\WithBarChart.md
	EndProjectSection
EndProject
Project("{2150E333-8FDC-42A3-9474-1A3956D46DE8}") = "ContinuousErrorBar", "ContinuousErrorBar", "{08DC8364-BAFA-451D-B1AB-8A73B87E9552}"
	ProjectSection(SolutionItems) = preProject
		public\Plotly\Examples\Statistical\ContinuousErrorBar\AsymmetricWithOffset.md = public\Plotly\Examples\Statistical\ContinuousErrorBar\AsymmetricWithOffset.md
		public\Plotly\Examples\Statistical\ContinuousErrorBar\FilledLines.md = public\Plotly\Examples\Statistical\ContinuousErrorBar\FilledLines.md
	EndProjectSection
EndProject
Project("{2150E333-8FDC-42A3-9474-1A3956D46DE8}") = "BoxPlot", "BoxPlot", "{11290115-7F1A-4A18-B087-63D6E438476B}"
	ProjectSection(SolutionItems) = preProject
		public\Plotly\Examples\Statistical\BoxPlot\Basic.md = public\Plotly\Examples\Statistical\BoxPlot\Basic.md
		public\Plotly\Examples\Statistical\BoxPlot\Colored.md = public\Plotly\Examples\Statistical\BoxPlot\Colored.md
		public\Plotly\Examples\Statistical\BoxPlot\Grouped.md = public\Plotly\Examples\Statistical\BoxPlot\Grouped.md
		public\Plotly\Examples\Statistical\BoxPlot\GroupedHorizontal.md = public\Plotly\Examples\Statistical\BoxPlot\GroupedHorizontal.md
		public\Plotly\Examples\Statistical\BoxPlot\Horizontal.md = public\Plotly\Examples\Statistical\BoxPlot\Horizontal.md
		public\Plotly\Examples\Statistical\BoxPlot\Rainbow.md = public\Plotly\Examples\Statistical\BoxPlot\Rainbow.md
		public\Plotly\Examples\Statistical\BoxPlot\Styled.md = public\Plotly\Examples\Statistical\BoxPlot\Styled.md
		public\Plotly\Examples\Statistical\BoxPlot\StyledMeanAndStdDev.md = public\Plotly\Examples\Statistical\BoxPlot\StyledMeanAndStdDev.md
		public\Plotly\Examples\Statistical\BoxPlot\StyledOutliers.md = public\Plotly\Examples\Statistical\BoxPlot\StyledOutliers.md
		public\Plotly\Examples\Statistical\BoxPlot\UnderlyingData.md = public\Plotly\Examples\Statistical\BoxPlot\UnderlyingData.md
	EndProjectSection
EndProject
Project("{2150E333-8FDC-42A3-9474-1A3956D46DE8}") = "Histogram", "Histogram", "{A0CB93A3-BF21-4900-B17F-342776C8CC06}"
	ProjectSection(SolutionItems) = preProject
		public\Plotly\Examples\Statistical\Histogram\Basic.md = public\Plotly\Examples\Statistical\Histogram\Basic.md
		public\Plotly\Examples\Statistical\Histogram\Cumulative.md = public\Plotly\Examples\Statistical\Histogram\Cumulative.md
		public\Plotly\Examples\Statistical\Histogram\Horizontal.md = public\Plotly\Examples\Statistical\Histogram\Horizontal.md
		public\Plotly\Examples\Statistical\Histogram\Normalized.md = public\Plotly\Examples\Statistical\Histogram\Normalized.md
		public\Plotly\Examples\Statistical\Histogram\Overlaid.md = public\Plotly\Examples\Statistical\Histogram\Overlaid.md
		public\Plotly\Examples\Statistical\Histogram\SpecifiedBinning.md = public\Plotly\Examples\Statistical\Histogram\SpecifiedBinning.md
		public\Plotly\Examples\Statistical\Histogram\Stacked.md = public\Plotly\Examples\Statistical\Histogram\Stacked.md
		public\Plotly\Examples\Statistical\Histogram\Styled.md = public\Plotly\Examples\Statistical\Histogram\Styled.md
	EndProjectSection
EndProject
Project("{2150E333-8FDC-42A3-9474-1A3956D46DE8}") = "2DHistogram", "2DHistogram", "{A86F7BF9-066D-435B-BDA2-C06C0D7027E2}"
	ProjectSection(SolutionItems) = preProject
		public\Plotly\Examples\Statistical\2DHistogram\BinningAndStyling.md = public\Plotly\Examples\Statistical\2DHistogram\BinningAndStyling.md
		public\Plotly\Examples\Statistical\2DHistogram\BivariateNormalDistribution.md = public\Plotly\Examples\Statistical\2DHistogram\BivariateNormalDistribution.md
		public\Plotly\Examples\Statistical\2DHistogram\OverlaidWithScatter.md = public\Plotly\Examples\Statistical\2DHistogram\OverlaidWithScatter.md
	EndProjectSection
EndProject
Project("{2150E333-8FDC-42A3-9474-1A3956D46DE8}") = "2DDensity", "2DDensity", "{834836F5-E005-47FE-BBA2-9D8D3679D585}"
	ProjectSection(SolutionItems) = preProject
		public\Plotly\Examples\Statistical\2DDensity\WithHistogramSubplots.md = public\Plotly\Examples\Statistical\2DDensity\WithHistogramSubplots.md
	EndProjectSection
EndProject
Project("{2150E333-8FDC-42A3-9474-1A3956D46DE8}") = "Subplots", "Subplots", "{075DB580-2D04-43B4-A3D8-025F5D569379}"
	ProjectSection(SolutionItems) = preProject
		public\Plotly\Examples\Subplots\Inset.md = public\Plotly\Examples\Subplots\Inset.md
		public\Plotly\Examples\Subplots\Mixed.md = public\Plotly\Examples\Subplots\Mixed.md
	EndProjectSection
EndProject
Project("{2150E333-8FDC-42A3-9474-1A3956D46DE8}") = "MultipleAxes", "MultipleAxes", "{8B569A60-A3ED-4EE2-ABAF-3EE5E08CFD36}"
	ProjectSection(SolutionItems) = preProject
		public\Plotly\Examples\Subplots\MultipleAxes\MultipleYAxes.md = public\Plotly\Examples\Subplots\MultipleAxes\MultipleYAxes.md
		public\Plotly\Examples\Subplots\MultipleAxes\TwoYAxes.md = public\Plotly\Examples\Subplots\MultipleAxes\TwoYAxes.md
	EndProjectSection
EndProject
Project("{2150E333-8FDC-42A3-9474-1A3956D46DE8}") = "SPCControl", "SPCControl", "{A083BCAE-8B63-494D-90F3-BC0550CCEE29}"
	ProjectSection(SolutionItems) = preProject
		public\Plotly\Examples\Statistical\SPCControl\Basic.md = public\Plotly\Examples\Statistical\SPCControl\Basic.md
		public\Plotly\Examples\Statistical\SPCControl\Distribution.md = public\Plotly\Examples\Statistical\SPCControl\Distribution.md
	EndProjectSection
EndProject
Project("{2150E333-8FDC-42A3-9474-1A3956D46DE8}") = "2DHistogramContour", "2DHistogramContour", "{12E09CCE-EDFC-4C1E-B569-3037BC705625}"
	ProjectSection(SolutionItems) = preProject
		public\Plotly\Examples\Statistical\2DHistogramContour\Basic.md = public\Plotly\Examples\Statistical\2DHistogramContour\Basic.md
		public\Plotly\Examples\Statistical\2DHistogramContour\Colorscale.md = public\Plotly\Examples\Statistical\2DHistogramContour\Colorscale.md
		public\Plotly\Examples\Statistical\2DHistogramContour\Styled.md = public\Plotly\Examples\Statistical\2DHistogramContour\Styled.md
	EndProjectSection
EndProject
Project("{2150E333-8FDC-42A3-9474-1A3956D46DE8}") = "ParallelCategories", "ParallelCategories", "{70059608-0DA4-4BA5-8F53-9A678EC20F58}"
	ProjectSection(SolutionItems) = preProject
		public\Plotly\Examples\Statistical\ParallelCategories\Basic.md = public\Plotly\Examples\Statistical\ParallelCategories\Basic.md
		public\Plotly\Examples\Statistical\ParallelCategories\LinkedBrushing.md = public\Plotly\Examples\Statistical\ParallelCategories\LinkedBrushing.md
		public\Plotly\Examples\Statistical\ParallelCategories\MultiColor.md = public\Plotly\Examples\Statistical\ParallelCategories\MultiColor.md
		public\Plotly\Examples\Statistical\ParallelCategories\MultiColorLinkedBrushing.md = public\Plotly\Examples\Statistical\ParallelCategories\MultiColorLinkedBrushing.md
		public\Plotly\Examples\Statistical\ParallelCategories\WithCounts.md = public\Plotly\Examples\Statistical\ParallelCategories\WithCounts.md
	EndProjectSection
EndProject
Project("{2150E333-8FDC-42A3-9474-1A3956D46DE8}") = "Splom", "Splom", "{F2CF1D23-5CAB-4802-A612-EF1E3799EBB7}"
	ProjectSection(SolutionItems) = preProject
		public\Plotly\Examples\Statistical\Splom\Diabetes.md = public\Plotly\Examples\Statistical\Splom\Diabetes.md
		public\Plotly\Examples\Statistical\Splom\Iris.md = public\Plotly\Examples\Statistical\Splom\Iris.md
	EndProjectSection
EndProject
Project("{2150E333-8FDC-42A3-9474-1A3956D46DE8}") = "Violin", "Violin", "{3C85BE5E-47D9-4B1D-8AAF-5ECD70AD60F0}"
	ProjectSection(SolutionItems) = preProject
		public\Plotly\Examples\Statistical\Violin\Advanced.md = public\Plotly\Examples\Statistical\Violin\Advanced.md
		public\Plotly\Examples\Statistical\Violin\Basic.md = public\Plotly\Examples\Statistical\Violin\Basic.md
		public\Plotly\Examples\Statistical\Violin\Grouped.md = public\Plotly\Examples\Statistical\Violin\Grouped.md
		public\Plotly\Examples\Statistical\Violin\Horizontal.md = public\Plotly\Examples\Statistical\Violin\Horizontal.md
		public\Plotly\Examples\Statistical\Violin\MultipleTraces.md = public\Plotly\Examples\Statistical\Violin\MultipleTraces.md
		public\Plotly\Examples\Statistical\Violin\Split.md = public\Plotly\Examples\Statistical\Violin\Split.md
	EndProjectSection
EndProject
Project("{2150E333-8FDC-42A3-9474-1A3956D46DE8}") = "Scientific", "Scientific", "{B0AF5F57-51CF-495D-93EF-AF2462F1B53C}"
EndProject
Project("{2150E333-8FDC-42A3-9474-1A3956D46DE8}") = "Carpet", "Carpet", "{35E4A416-1E82-4BEC-A325-DEEA3C804D27}"
	ProjectSection(SolutionItems) = preProject
		public\Plotly\Examples\Scientific\Carpet\AddAAndBAxis.md = public\Plotly\Examples\Scientific\Carpet\AddAAndBAxis.md
		public\Plotly\Examples\Scientific\Carpet\Basic.md = public\Plotly\Examples\Scientific\Carpet\Basic.md
		public\Plotly\Examples\Scientific\Carpet\StyleAAndBAxis.md = public\Plotly\Examples\Scientific\Carpet\StyleAAndBAxis.md
	EndProjectSection
EndProject
Project("{2150E333-8FDC-42A3-9474-1A3956D46DE8}") = "CarpetContour", "CarpetContour", "{C26E931A-1EFF-43A9-8F13-46F98942C3BC}"
	ProjectSection(SolutionItems) = preProject
		public\Plotly\Examples\Scientific\CarpetContour\Basic.md = public\Plotly\Examples\Scientific\CarpetContour\Basic.md
		public\Plotly\Examples\Scientific\CarpetContour\MultipleTraces.md = public\Plotly\Examples\Scientific\CarpetContour\MultipleTraces.md
	EndProjectSection
EndProject
Project("{2150E333-8FDC-42A3-9474-1A3956D46DE8}") = "CarpetScatter", "CarpetScatter", "{3AD6B2D9-7356-456A-BC63-7D8331DD6520}"
	ProjectSection(SolutionItems) = preProject
		public\Plotly\Examples\Scientific\CarpetScatter\Basic.md = public\Plotly\Examples\Scientific\CarpetScatter\Basic.md
		public\Plotly\Examples\Scientific\CarpetScatter\MultipleTraces.md = public\Plotly\Examples\Scientific\CarpetScatter\MultipleTraces.md
	EndProjectSection
EndProject
Project("{2150E333-8FDC-42A3-9474-1A3956D46DE8}") = "Contour", "Contour", "{BB51BE38-444B-44F8-95B0-4AC62699359A}"
	ProjectSection(SolutionItems) = preProject
		public\Plotly\Examples\Scientific\Contour\Basic.md = public\Plotly\Examples\Scientific\Contour\Basic.md
		public\Plotly\Examples\Scientific\Contour\ColorbarSize.md = public\Plotly\Examples\Scientific\Contour\ColorbarSize.md
		public\Plotly\Examples\Scientific\Contour\ColorbarTitle.md = public\Plotly\Examples\Scientific\Contour\ColorbarTitle.md
		public\Plotly\Examples\Scientific\Contour\Colorscale.md = public\Plotly\Examples\Scientific\Contour\Colorscale.md
		public\Plotly\Examples\Scientific\Contour\ConnectingGapsInZMatrix.md = public\Plotly\Examples\Scientific\Contour\ConnectingGapsInZMatrix.md
		public\Plotly\Examples\Scientific\Contour\CustomColorscale.md = public\Plotly\Examples\Scientific\Contour\CustomColorscale.md
		public\Plotly\Examples\Scientific\Contour\CustomSizeAndRange.md = public\Plotly\Examples\Scientific\Contour\CustomSizeAndRange.md
		public\Plotly\Examples\Scientific\Contour\CustomSpacing.md = public\Plotly\Examples\Scientific\Contour\CustomSpacing.md
		public\Plotly\Examples\Scientific\Contour\LineLabels.md = public\Plotly\Examples\Scientific\Contour\LineLabels.md
		public\Plotly\Examples\Scientific\Contour\Lines.md = public\Plotly\Examples\Scientific\Contour\Lines.md
		public\Plotly\Examples\Scientific\Contour\SettingXAndYCoordinates.md = public\Plotly\Examples\Scientific\Contour\SettingXAndYCoordinates.md
		public\Plotly\Examples\Scientific\Contour\Simple.md = public\Plotly\Examples\Scientific\Contour\Simple.md
		public\Plotly\Examples\Scientific\Contour\SmoothColoring.md = public\Plotly\Examples\Scientific\Contour\SmoothColoring.md
		public\Plotly\Examples\Scientific\Contour\SmoothingLines.md = public\Plotly\Examples\Scientific\Contour\SmoothingLines.md
		public\Plotly\Examples\Scientific\Contour\StylingColorbar.md = public\Plotly\Examples\Scientific\Contour\StylingColorbar.md
	EndProjectSection
EndProject
Project("{2150E333-8FDC-42A3-9474-1A3956D46DE8}") = "Heatmap", "Heatmap", "{B5489490-E7BE-4D44-9363-28701D8DA6AB}"
	ProjectSection(SolutionItems) = preProject
		public\Plotly\Examples\Scientific\Heatmap\Annotated.md = public\Plotly\Examples\Scientific\Heatmap\Annotated.md
		public\Plotly\Examples\Scientific\Heatmap\Basic.md = public\Plotly\Examples\Scientific\Heatmap\Basic.md
		public\Plotly\Examples\Scientific\Heatmap\UnequalBlockSizes.md = public\Plotly\Examples\Scientific\Heatmap\UnequalBlockSizes.md
		public\Plotly\Examples\Scientific\Heatmap\WebGL.md = public\Plotly\Examples\Scientific\Heatmap\WebGL.md
		public\Plotly\Examples\Scientific\Heatmap\WithCategoricalAxisLabels.md = public\Plotly\Examples\Scientific\Heatmap\WithCategoricalAxisLabels.md
	EndProjectSection
EndProject
Project("{2150E333-8FDC-42A3-9474-1A3956D46DE8}") = "Log", "Log", "{7F0F66C4-A648-41F8-BE1E-CD22470AB4AE}"
	ProjectSection(SolutionItems) = preProject
		public\Plotly\Examples\Scientific\Log\LogarithmicAxes.md = public\Plotly\Examples\Scientific\Log\LogarithmicAxes.md
	EndProjectSection
EndProject
Project("{2150E333-8FDC-42A3-9474-1A3956D46DE8}") = "ParallelCoordinates", "ParallelCoordinates", "{BD489F5D-8231-42F4-A1C7-B03603E05D01}"
	ProjectSection(SolutionItems) = preProject
		public\Plotly\Examples\Scientific\ParallelCoordinates\AddingDimensions.md = public\Plotly\Examples\Scientific\ParallelCoordinates\AddingDimensions.md
		public\Plotly\Examples\Scientific\ParallelCoordinates\Advanced.md = public\Plotly\Examples\Scientific\ParallelCoordinates\Advanced.md
		public\Plotly\Examples\Scientific\ParallelCoordinates\Annotated.md = public\Plotly\Examples\Scientific\ParallelCoordinates\Annotated.md
		public\Plotly\Examples\Scientific\ParallelCoordinates\Basic.md = public\Plotly\Examples\Scientific\ParallelCoordinates\Basic.md
	EndProjectSection
EndProject
Project("{2150E333-8FDC-42A3-9474-1A3956D46DE8}") = "Polar", "Polar", "{7679734D-5F46-45C7-8641-95B6E1CE3CC8}"
	ProjectSection(SolutionItems) = preProject
		public\Plotly\Examples\Scientific\Polar\Area.md = public\Plotly\Examples\Scientific\Polar\Area.md
		public\Plotly\Examples\Scientific\Polar\Categorical.md = public\Plotly\Examples\Scientific\Polar\Categorical.md
		public\Plotly\Examples\Scientific\Polar\Directions.md = public\Plotly\Examples\Scientific\Polar\Directions.md
		public\Plotly\Examples\Scientific\Polar\Line.md = public\Plotly\Examples\Scientific\Polar\Line.md
		public\Plotly\Examples\Scientific\Polar\Sector.md = public\Plotly\Examples\Scientific\Polar\Sector.md
		public\Plotly\Examples\Scientific\Polar\Subplots.md = public\Plotly\Examples\Scientific\Polar\Subplots.md
		public\Plotly\Examples\Scientific\Polar\WebGL.md = public\Plotly\Examples\Scientific\Polar\WebGL.md
	EndProjectSection
EndProject
Project("{2150E333-8FDC-42A3-9474-1A3956D46DE8}") = "Radar", "Radar", "{5AF2842D-A42A-4EFB-A6A9-718D99FA958B}"
	ProjectSection(SolutionItems) = preProject
		public\Plotly\Examples\Scientific\Radar\Basic.md = public\Plotly\Examples\Scientific\Radar\Basic.md
		public\Plotly\Examples\Scientific\Radar\MultipleTraces.md = public\Plotly\Examples\Scientific\Radar\MultipleTraces.md
	EndProjectSection
EndProject
Project("{2150E333-8FDC-42A3-9474-1A3956D46DE8}") = "Ternary", "Ternary", "{3CCA1E00-38C6-495D-A261-E2CF93723833}"
	ProjectSection(SolutionItems) = preProject
		public\Plotly\Examples\Scientific\Ternary\SoilTypes.md = public\Plotly\Examples\Scientific\Ternary\SoilTypes.md
		public\Plotly\Examples\Scientific\Ternary\WithMarkers.md = public\Plotly\Examples\Scientific\Ternary\WithMarkers.md
	EndProjectSection
EndProject
Project("{2150E333-8FDC-42A3-9474-1A3956D46DE8}") = "TernaryContour", "TernaryContour", "{5F4941F7-79D2-4318-B6EC-03A990B08F85}"
	ProjectSection(SolutionItems) = preProject
		public\Plotly\Examples\Scientific\TernaryContour\Filled.md = public\Plotly\Examples\Scientific\TernaryContour\Filled.md
	EndProjectSection
EndProject
Project("{2150E333-8FDC-42A3-9474-1A3956D46DE8}") = "WindRose", "WindRose", "{D71CF41D-646D-480D-BC51-F7CDB5E55F3D}"
	ProjectSection(SolutionItems) = preProject
		public\Plotly\Examples\Scientific\WindRose\Basic.md = public\Plotly\Examples\Scientific\WindRose\Basic.md
	EndProjectSection
EndProject
Project("{2150E333-8FDC-42A3-9474-1A3956D46DE8}") = "Custom", "Custom", "{D31EE9FE-2CE4-43CC-8F34-770B98955493}"
	ProjectSection(SolutionItems) = preProject
		public\Plotly\Examples\Custom\Gantt.md = public\Plotly\Examples\Custom\Gantt.md
		public\Plotly\Examples\Custom\WebGLGantt.md = public\Plotly\Examples\Custom\WebGLGantt.md
	EndProjectSection
EndProject
Project("{2150E333-8FDC-42A3-9474-1A3956D46DE8}") = "Transitions", "Transitions", "{6C0E4FE8-AB7B-4D4A-9648-F602A53E72C6}"
	ProjectSection(SolutionItems) = preProject
		public\Plotly\Examples\Transitions\Lorenz.md = public\Plotly\Examples\Transitions\Lorenz.md
	EndProjectSection
EndProject
Project("{2150E333-8FDC-42A3-9474-1A3956D46DE8}") = "Financial", "Financial", "{B088445D-77B6-4739-ABF0-D78A24C89E58}"
EndProject
Project("{2150E333-8FDC-42A3-9474-1A3956D46DE8}") = "Candlestick", "Candlestick", "{3052EA28-E449-4B96-8DE6-D6029C1B28FF}"
	ProjectSection(SolutionItems) = preProject
		public\Plotly\Examples\Financial\Candlestick\Basic.md = public\Plotly\Examples\Financial\Candlestick\Basic.md
	EndProjectSection
EndProject
Project("{2150E333-8FDC-42A3-9474-1A3956D46DE8}") = "Funnel", "Funnel", "{003801FD-8747-498B-8AF8-4AC182E68ECA}"
	ProjectSection(SolutionItems) = preProject
		public\Plotly\Examples\Financial\Funnel\Basic.md = public\Plotly\Examples\Financial\Funnel\Basic.md
		public\Plotly\Examples\Financial\Funnel\FunnelArea.md = public\Plotly\Examples\Financial\Funnel\FunnelArea.md
	EndProjectSection
EndProject
Project("{2150E333-8FDC-42A3-9474-1A3956D46DE8}") = "Indicators", "Indicators", "{4FF323B4-AF7F-4DFB-8009-C7D40415992C}"
	ProjectSection(SolutionItems) = preProject
		public\Plotly\Examples\Financial\Indicators\Overlay.md = public\Plotly\Examples\Financial\Indicators\Overlay.md
		public\Plotly\Examples\Financial\Indicators\Showcase.md = public\Plotly\Examples\Financial\Indicators\Showcase.md
	EndProjectSection
EndProject
Project("{2150E333-8FDC-42A3-9474-1A3956D46DE8}") = "OHLC", "OHLC", "{F37941BD-BC4D-4B8B-813F-282F8255F9E6}"
	ProjectSection(SolutionItems) = preProject
		public\Plotly\Examples\Financial\OHLC\Basic.md = public\Plotly\Examples\Financial\OHLC\Basic.md
	EndProjectSection
EndProject
Project("{2150E333-8FDC-42A3-9474-1A3956D46DE8}") = "TimeSeries", "TimeSeries", "{F47EE33B-7BC2-4684-AFEE-D32775FB0B7A}"
	ProjectSection(SolutionItems) = preProject
		public\Plotly\Examples\Financial\TimeSeries\Basic.md = public\Plotly\Examples\Financial\TimeSeries\Basic.md
		public\Plotly\Examples\Financial\TimeSeries\RangeSlider.md = public\Plotly\Examples\Financial\TimeSeries\RangeSlider.md
		public\Plotly\Examples\Financial\TimeSeries\SetRange.md = public\Plotly\Examples\Financial\TimeSeries\SetRange.md
	EndProjectSection
EndProject
Project("{2150E333-8FDC-42A3-9474-1A3956D46DE8}") = "Waterfall", "Waterfall", "{BB466C76-680C-4C16-B02D-04200C0E3C56}"
	ProjectSection(SolutionItems) = preProject
		public\Plotly\Examples\Financial\Waterfall\Basic.md = public\Plotly\Examples\Financial\Waterfall\Basic.md
		public\Plotly\Examples\Financial\Waterfall\Horizontal.md = public\Plotly\Examples\Financial\Waterfall\Horizontal.md
		public\Plotly\Examples\Financial\Waterfall\MultiCategory.md = public\Plotly\Examples\Financial\Waterfall\MultiCategory.md
		public\Plotly\Examples\Financial\Waterfall\Styled.md = public\Plotly\Examples\Financial\Waterfall\Styled.md
	EndProjectSection
EndProject
Project("{2150E333-8FDC-42A3-9474-1A3956D46DE8}") = "Maps", "Maps", "{8E8BB852-4309-4F05-BCC2-621CD7324D03}"
	ProjectSection(SolutionItems) = preProject
		public\Plotly\Examples\Maps\Bubble.md = public\Plotly\Examples\Maps\Bubble.md
		public\Plotly\Examples\Maps\Choropleth.md = public\Plotly\Examples\Maps\Choropleth.md
		public\Plotly\Examples\Maps\FilledArea.md = public\Plotly\Examples\Maps\FilledArea.md
		public\Plotly\Examples\Maps\Heatmap.md = public\Plotly\Examples\Maps\Heatmap.md
		public\Plotly\Examples\Maps\Lines.md = public\Plotly\Examples\Maps\Lines.md
		public\Plotly\Examples\Maps\Scatter.md = public\Plotly\Examples\Maps\Scatter.md
	EndProjectSection
EndProject
Project("{2150E333-8FDC-42A3-9474-1A3956D46DE8}") = "3D", "3D", "{8A89AFF4-51A1-41FF-B1B0-18145B7E234D}"
	ProjectSection(SolutionItems) = preProject
		public\Plotly\Examples\3D\ClusterGraph.md = public\Plotly\Examples\3D\ClusterGraph.md
		public\Plotly\Examples\3D\Cone.md = public\Plotly\Examples\3D\Cone.md
		public\Plotly\Examples\3D\Isosurface.md = public\Plotly\Examples\3D\Isosurface.md
		public\Plotly\Examples\3D\Line.md = public\Plotly\Examples\3D\Line.md
		public\Plotly\Examples\3D\Mesh.md = public\Plotly\Examples\3D\Mesh.md
		public\Plotly\Examples\3D\Ribbon.md = public\Plotly\Examples\3D\Ribbon.md
		public\Plotly\Examples\3D\Scatter.md = public\Plotly\Examples\3D\Scatter.md
		public\Plotly\Examples\3D\Streamtube.md = public\Plotly\Examples\3D\Streamtube.md
		public\Plotly\Examples\3D\Surface.md = public\Plotly\Examples\3D\Surface.md
		public\Plotly\Examples\3D\TriSurf.md = public\Plotly\Examples\3D\TriSurf.md
	EndProjectSection
EndProject
Project("{2150E333-8FDC-42A3-9474-1A3956D46DE8}") = "Events", "Events", "{460ED971-4B3A-43F3-8919-54FC663C549A}"
	ProjectSection(SolutionItems) = preProject
		public\Plotly\Examples\Events\Click.md = public\Plotly\Examples\Events\Click.md
		public\Plotly\Examples\Events\DisableZoom.md = public\Plotly\Examples\Events\DisableZoom.md
		public\Plotly\Examples\Events\DownloadImage.md = public\Plotly\Examples\Events\DownloadImage.md
		public\Plotly\Examples\Events\Hover.md = public\Plotly\Examples\Events\Hover.md
		public\Plotly\Examples\Events\Zoom.md = public\Plotly\Examples\Events\Zoom.md
	EndProjectSection
EndProject
Project("{2150E333-8FDC-42A3-9474-1A3956D46DE8}") = "Transforms", "Transforms", "{786ECBC2-354B-4222-98FC-66B494684A2B}"
	ProjectSection(SolutionItems) = preProject
		public\Plotly\Examples\Transforms\Aggregations.md = public\Plotly\Examples\Transforms\Aggregations.md
		public\Plotly\Examples\Transforms\Filter.md = public\Plotly\Examples\Transforms\Filter.md
		public\Plotly\Examples\Transforms\Groupby.md = public\Plotly\Examples\Transforms\Groupby.md
		public\Plotly\Examples\Transforms\Multiple.md = public\Plotly\Examples\Transforms\Multiple.md
	EndProjectSection
EndProject
Global
	GlobalSection(SolutionConfigurationPlatforms) = preSolution
		Debug|Any CPU = Debug|Any CPU
		Release|Any CPU = Release|Any CPU
	EndGlobalSection
	GlobalSection(ProjectConfigurationPlatforms) = postSolution
		{E03A3045-EEAB-4616-B0D8-A50A1B75F72B}.Debug|Any CPU.ActiveCfg = Debug|Any CPU
		{E03A3045-EEAB-4616-B0D8-A50A1B75F72B}.Debug|Any CPU.Build.0 = Debug|Any CPU
		{E03A3045-EEAB-4616-B0D8-A50A1B75F72B}.Release|Any CPU.ActiveCfg = Release|Any CPU
		{E03A3045-EEAB-4616-B0D8-A50A1B75F72B}.Release|Any CPU.Build.0 = Release|Any CPU
		{CD7DB804-3DF3-4973-97DE-A8B9325948EC}.Debug|Any CPU.ActiveCfg = Debug|Any CPU
		{CD7DB804-3DF3-4973-97DE-A8B9325948EC}.Debug|Any CPU.Build.0 = Debug|Any CPU
		{CD7DB804-3DF3-4973-97DE-A8B9325948EC}.Release|Any CPU.ActiveCfg = Release|Any CPU
		{CD7DB804-3DF3-4973-97DE-A8B9325948EC}.Release|Any CPU.Build.0 = Release|Any CPU
		{0E698120-F0AE-476D-858A-0DF55EACC584}.Debug|Any CPU.ActiveCfg = Debug|Any CPU
		{0E698120-F0AE-476D-858A-0DF55EACC584}.Debug|Any CPU.Build.0 = Debug|Any CPU
		{0E698120-F0AE-476D-858A-0DF55EACC584}.Release|Any CPU.ActiveCfg = Release|Any CPU
		{0E698120-F0AE-476D-858A-0DF55EACC584}.Release|Any CPU.Build.0 = Release|Any CPU
		{0A840E11-9EE5-4088-ADA9-D01DABCBF57B}.Debug|Any CPU.ActiveCfg = Debug|Any CPU
		{0A840E11-9EE5-4088-ADA9-D01DABCBF57B}.Debug|Any CPU.Build.0 = Debug|Any CPU
		{0A840E11-9EE5-4088-ADA9-D01DABCBF57B}.Release|Any CPU.ActiveCfg = Release|Any CPU
		{0A840E11-9EE5-4088-ADA9-D01DABCBF57B}.Release|Any CPU.Build.0 = Release|Any CPU
	EndGlobalSection
	GlobalSection(SolutionProperties) = preSolution
		HideSolutionNode = FALSE
	EndGlobalSection
	GlobalSection(NestedProjects) = preSolution
		{E03A3045-EEAB-4616-B0D8-A50A1B75F72B} = {55637037-300B-4FA5-8D14-B2CECCCD4B0D}
		{C3F9583A-523B-4835-B6BC-CD8FFD2178E3} = {CABBED80-2F75-4DFE-8F77-7F7FDFDC8008}
		{AB994CC4-9A55-4156-9D53-E08C67F09B25} = {C3F9583A-523B-4835-B6BC-CD8FFD2178E3}
		{A8B7BBE8-88F4-41CA-9FA2-58D7FB0C412F} = {AB994CC4-9A55-4156-9D53-E08C67F09B25}
		{F1E4DF8B-5D61-4605-A06C-51F24DEAA73D} = {A8B7BBE8-88F4-41CA-9FA2-58D7FB0C412F}
		{DA5CD959-6F1C-4139-B59E-EB5637A4925C} = {A8B7BBE8-88F4-41CA-9FA2-58D7FB0C412F}
		{33BA06BE-6203-4861-AD6A-413977CCD00C} = {A8B7BBE8-88F4-41CA-9FA2-58D7FB0C412F}
		{D86FF2C9-9DBC-49B2-A120-BC3307597EB3} = {A8B7BBE8-88F4-41CA-9FA2-58D7FB0C412F}
		{4EE56625-1A9D-4886-B109-09EE33552ED7} = {A8B7BBE8-88F4-41CA-9FA2-58D7FB0C412F}
		{9BEF5646-A611-41A5-9A7B-40B48CD1B6F3} = {A8B7BBE8-88F4-41CA-9FA2-58D7FB0C412F}
		{A8D175E9-3D68-4207-A9A6-D2DB03726E08} = {A8B7BBE8-88F4-41CA-9FA2-58D7FB0C412F}
		{CFA514B9-EDAD-4E62-AB38-5D23104876CA} = {A8B7BBE8-88F4-41CA-9FA2-58D7FB0C412F}
		{5F6EF95A-438D-48B7-B6E9-E068DF79CD90} = {A8B7BBE8-88F4-41CA-9FA2-58D7FB0C412F}
		{A24E1FC2-D414-493B-9CB8-286BE17FB06E} = {A8B7BBE8-88F4-41CA-9FA2-58D7FB0C412F}
		{DC4EDEEE-BF66-4C65-B64C-6C737EB11B4E} = {A8B7BBE8-88F4-41CA-9FA2-58D7FB0C412F}
		{81B3001F-4146-42F1-BF14-2F4BE9A8EE88} = {A8B7BBE8-88F4-41CA-9FA2-58D7FB0C412F}
		{52168EAE-6304-400D-A1EA-86F5FAC82D8C} = {A8B7BBE8-88F4-41CA-9FA2-58D7FB0C412F}
		{67FC7E7D-B739-4640-AA2F-822C9FEFBC47} = {A8B7BBE8-88F4-41CA-9FA2-58D7FB0C412F}
		{0D457903-8E32-4932-893E-C26C4918366E} = {AB994CC4-9A55-4156-9D53-E08C67F09B25}
		{DB48F7B0-9D46-4B09-8FD1-B065CDF4AAB3} = {0D457903-8E32-4932-893E-C26C4918366E}
		{08DC8364-BAFA-451D-B1AB-8A73B87E9552} = {0D457903-8E32-4932-893E-C26C4918366E}
		{11290115-7F1A-4A18-B087-63D6E438476B} = {0D457903-8E32-4932-893E-C26C4918366E}
		{A0CB93A3-BF21-4900-B17F-342776C8CC06} = {0D457903-8E32-4932-893E-C26C4918366E}
		{A86F7BF9-066D-435B-BDA2-C06C0D7027E2} = {0D457903-8E32-4932-893E-C26C4918366E}
		{834836F5-E005-47FE-BBA2-9D8D3679D585} = {0D457903-8E32-4932-893E-C26C4918366E}
		{075DB580-2D04-43B4-A3D8-025F5D569379} = {AB994CC4-9A55-4156-9D53-E08C67F09B25}
		{8B569A60-A3ED-4EE2-ABAF-3EE5E08CFD36} = {075DB580-2D04-43B4-A3D8-025F5D569379}
		{A083BCAE-8B63-494D-90F3-BC0550CCEE29} = {0D457903-8E32-4932-893E-C26C4918366E}
		{12E09CCE-EDFC-4C1E-B569-3037BC705625} = {0D457903-8E32-4932-893E-C26C4918366E}
		{70059608-0DA4-4BA5-8F53-9A678EC20F58} = {0D457903-8E32-4932-893E-C26C4918366E}
		{F2CF1D23-5CAB-4802-A612-EF1E3799EBB7} = {0D457903-8E32-4932-893E-C26C4918366E}
		{3C85BE5E-47D9-4B1D-8AAF-5ECD70AD60F0} = {0D457903-8E32-4932-893E-C26C4918366E}
		{B0AF5F57-51CF-495D-93EF-AF2462F1B53C} = {AB994CC4-9A55-4156-9D53-E08C67F09B25}
		{35E4A416-1E82-4BEC-A325-DEEA3C804D27} = {B0AF5F57-51CF-495D-93EF-AF2462F1B53C}
		{C26E931A-1EFF-43A9-8F13-46F98942C3BC} = {B0AF5F57-51CF-495D-93EF-AF2462F1B53C}
		{3AD6B2D9-7356-456A-BC63-7D8331DD6520} = {B0AF5F57-51CF-495D-93EF-AF2462F1B53C}
		{BB51BE38-444B-44F8-95B0-4AC62699359A} = {B0AF5F57-51CF-495D-93EF-AF2462F1B53C}
		{B5489490-E7BE-4D44-9363-28701D8DA6AB} = {B0AF5F57-51CF-495D-93EF-AF2462F1B53C}
		{7F0F66C4-A648-41F8-BE1E-CD22470AB4AE} = {B0AF5F57-51CF-495D-93EF-AF2462F1B53C}
		{BD489F5D-8231-42F4-A1C7-B03603E05D01} = {B0AF5F57-51CF-495D-93EF-AF2462F1B53C}
		{7679734D-5F46-45C7-8641-95B6E1CE3CC8} = {B0AF5F57-51CF-495D-93EF-AF2462F1B53C}
		{5AF2842D-A42A-4EFB-A6A9-718D99FA958B} = {B0AF5F57-51CF-495D-93EF-AF2462F1B53C}
		{3CCA1E00-38C6-495D-A261-E2CF93723833} = {B0AF5F57-51CF-495D-93EF-AF2462F1B53C}
		{5F4941F7-79D2-4318-B6EC-03A990B08F85} = {B0AF5F57-51CF-495D-93EF-AF2462F1B53C}
		{D71CF41D-646D-480D-BC51-F7CDB5E55F3D} = {B0AF5F57-51CF-495D-93EF-AF2462F1B53C}
		{D31EE9FE-2CE4-43CC-8F34-770B98955493} = {AB994CC4-9A55-4156-9D53-E08C67F09B25}
		{6C0E4FE8-AB7B-4D4A-9648-F602A53E72C6} = {AB994CC4-9A55-4156-9D53-E08C67F09B25}
		{B088445D-77B6-4739-ABF0-D78A24C89E58} = {AB994CC4-9A55-4156-9D53-E08C67F09B25}
		{3052EA28-E449-4B96-8DE6-D6029C1B28FF} = {B088445D-77B6-4739-ABF0-D78A24C89E58}
		{003801FD-8747-498B-8AF8-4AC182E68ECA} = {B088445D-77B6-4739-ABF0-D78A24C89E58}
		{4FF323B4-AF7F-4DFB-8009-C7D40415992C} = {B088445D-77B6-4739-ABF0-D78A24C89E58}
		{F37941BD-BC4D-4B8B-813F-282F8255F9E6} = {B088445D-77B6-4739-ABF0-D78A24C89E58}
		{F47EE33B-7BC2-4684-AFEE-D32775FB0B7A} = {B088445D-77B6-4739-ABF0-D78A24C89E58}
		{BB466C76-680C-4C16-B02D-04200C0E3C56} = {B088445D-77B6-4739-ABF0-D78A24C89E58}
		{8E8BB852-4309-4F05-BCC2-621CD7324D03} = {AB994CC4-9A55-4156-9D53-E08C67F09B25}
		{8A89AFF4-51A1-41FF-B1B0-18145B7E234D} = {AB994CC4-9A55-4156-9D53-E08C67F09B25}
		{460ED971-4B3A-43F3-8919-54FC663C549A} = {AB994CC4-9A55-4156-9D53-E08C67F09B25}
		{786ECBC2-354B-4222-98FC-66B494684A2B} = {AB994CC4-9A55-4156-9D53-E08C67F09B25}
	EndGlobalSection
	GlobalSection(ExtensibilityGlobals) = postSolution
		SolutionGuid = {96DAE6A9-B1CC-4FF7-B08C-D5FBFD55B385}
	EndGlobalSection
EndGlobal
